
Microsoft Visual Studio Solution File, Format Version 12.00
# Visual Studio Version 16
VisualStudioVersion = 16.0.31424.327
MinimumVisualStudioVersion = 10.0.40219.1
Project("{FAE04EC0-301F-11D3-BF4B-00C04F79EFBC}") = "ExcelHelper", "ExcelHelper\ExcelHelper.csproj", "{0C655D63-C6AB-442A-9B7E-12C030058232}"
EndProject
Project("{FAE04EC0-301F-11D3-BF4B-00C04F79EFBC}") = "ExcelTools", "ExcelTools\ExcelTools.csproj", "{3197EF07-4600-4B32-9B0C-F8686EDC3490}"
EndProject
Global
	GlobalSection(SolutionConfigurationPlatforms) = preSolution
		Debug|Any CPU = Debug|Any CPU
		Release|Any CPU = Release|Any CPU
	EndGlobalSection
	GlobalSection(ProjectConfigurationPlatforms) = postSolution
		{0C655D63-C6AB-442A-9B7E-12C030058232}.Debug|Any CPU.ActiveCfg = Debug|Any CPU
		{0C655D63-C6AB-442A-9B7E-12C030058232}.Debug|Any CPU.Build.0 = Debug|Any CPU
		{0C655D63-C6AB-442A-9B7E-12C030058232}.Release|Any CPU.ActiveCfg = Release|Any CPU
		{0C655D63-C6AB-442A-9B7E-12C030058232}.Release|Any CPU.Build.0 = Release|Any CPU
		{3197EF07-4600-4B32-9B0C-F8686EDC3490}.Debug|Any CPU.ActiveCfg = Debug|Any CPU
		{3197EF07-4600-4B32-9B0C-F8686EDC3490}.Debug|Any CPU.Build.0 = Debug|Any CPU
		{3197EF07-4600-4B32-9B0C-F8686EDC3490}.Release|Any CPU.ActiveCfg = Release|Any CPU
		{3197EF07-4600-4B32-9B0C-F8686EDC3490}.Release|Any CPU.Build.0 = Release|Any CPU
	EndGlobalSection
	GlobalSection(SolutionProperties) = preSolution
		HideSolutionNode = FALSE
	EndGlobalSection
	GlobalSection(ExtensibilityGlobals) = postSolution
		SolutionGuid = {5FDFFEB3-2525-415F-BD94-02FA677C1245}
	EndGlobalSection
EndGlobal
